// !$*UTF8*$!
{
	archiveVersion = 1;
	classes = {
	};
	objectVersion = 56;
	objects = {

/* Begin PBXBuildFile section */
		4AF309C429DC44CF00F32E24 /* AppDelegate.swift in Sources */ = {isa = PBXBuildFile; fileRef = 4AF309C329DC44CF00F32E24 /* AppDelegate.swift */; };
		4AF309C629DC44CF00F32E24 /* SceneDelegate.swift in Sources */ = {isa = PBXBuildFile; fileRef = 4AF309C529DC44CF00F32E24 /* SceneDelegate.swift */; };
		4AF309C829DC44CF00F32E24 /* ViewController.swift in Sources */ = {isa = PBXBuildFile; fileRef = 4AF309C729DC44CF00F32E24 /* ViewController.swift */; };
		4AF309CB29DC44CF00F32E24 /* Main.storyboard in Resources */ = {isa = PBXBuildFile; fileRef = 4AF309C929DC44CF00F32E24 /* Main.storyboard */; };
		4AF309CD29DC44D000F32E24 /* Assets.xcassets in Resources */ = {isa = PBXBuildFile; fileRef = 4AF309CC29DC44D000F32E24 /* Assets.xcassets */; };
		4AF309D029DC44D000F32E24 /* LaunchScreen.storyboard in Resources */ = {isa = PBXBuildFile; fileRef = 4AF309CE29DC44D000F32E24 /* LaunchScreen.storyboard */; };
		4AF309D829DC44E600F32E24 /* NetworkStatus.swift in Sources */ = {isa = PBXBuildFile; fileRef = 4AF309D729DC44E600F32E24 /* NetworkStatus.swift */; };
		4AF309DB29DC450D00F32E24 /* RxCocoa in Frameworks */ = {isa = PBXBuildFile; productRef = 4AF309DA29DC450D00F32E24 /* RxCocoa */; };
		4AF309DD29DC450D00F32E24 /* RxSwift in Frameworks */ = {isa = PBXBuildFile; productRef = 4AF309DC29DC450D00F32E24 /* RxSwift */; };
		4AF309E029DC451E00F32E24 /* Alamofire in Frameworks */ = {isa = PBXBuildFile; productRef = 4AF309DF29DC451E00F32E24 /* Alamofire */; };
/* End PBXBuildFile section */

/* Begin PBXFileReference section */
		4AF309C029DC44CF00F32E24 /* ExNetwork.app */ = {isa = PBXFileReference; explicitFileType = wrapper.application; includeInIndex = 0; path = ExNetwork.app; sourceTree = BUILT_PRODUCTS_DIR; };
		4AF309C329DC44CF00F32E24 /* AppDelegate.swift */ = {isa = PBXFileReference; lastKnownFileType = sourcecode.swift; path = AppDelegate.swift; sourceTree = "<group>"; };
		4AF309C529DC44CF00F32E24 /* SceneDelegate.swift */ = {isa = PBXFileReference; lastKnownFileType = sourcecode.swift; path = SceneDelegate.swift; sourceTree = "<group>"; };
		4AF309C729DC44CF00F32E24 /* ViewController.swift */ = {isa = PBXFileReference; lastKnownFileType = sourcecode.swift; path = ViewController.swift; sourceTree = "<group>"; };
		4AF309CA29DC44CF00F32E24 /* Base */ = {isa = PBXFileReference; lastKnownFileType = file.storyboard; name = Base; path = Base.lproj/Main.storyboard; sourceTree = "<group>"; };
		4AF309CC29DC44D000F32E24 /* Assets.xcassets */ = {isa = PBXFileReference; lastKnownFileType = folder.assetcatalog; path = Assets.xcassets; sourceTree = "<group>"; };
		4AF309CF29DC44D000F32E24 /* Base */ = {isa = PBXFileReference; lastKnownFileType = file.storyboard; name = Base; path = Base.lproj/LaunchScreen.storyboard; sourceTree = "<group>"; };
		4AF309D129DC44D000F32E24 /* Info.plist */ = {isa = PBXFileReference; lastKnownFileType = text.plist.xml; path = Info.plist; sourceTree = "<group>"; };
		4AF309D729DC44E600F32E24 /* NetworkStatus.swift */ = {isa = PBXFileReference; lastKnownFileType = sourcecode.swift; path = NetworkStatus.swift; sourceTree = "<group>"; };
/* End PBXFileReference section */

/* Begin PBXFrameworksBuildPhase section */
		4AF309BD29DC44CF00F32E24 /* Frameworks */ = {
			isa = PBXFrameworksBuildPhase;
			buildActionMask = 2147483647;
			files = (
				4AF309E029DC451E00F32E24 /* Alamofire in Frameworks */,
				4AF309DD29DC450D00F32E24 /* RxSwift in Frameworks */,
				4AF309DB29DC450D00F32E24 /* RxCocoa in Frameworks */,
			);
			runOnlyForDeploymentPostprocessing = 0;
		};
/* End PBXFrameworksBuildPhase section */

/* Begin PBXGroup section */
		4AF309B729DC44CF00F32E24 = {
			isa = PBXGroup;
			children = (
				4AF309C229DC44CF00F32E24 /* ExNetwork */,
				4AF309C129DC44CF00F32E24 /* Products */,
			);
			sourceTree = "<group>";
		};
		4AF309C129DC44CF00F32E24 /* Products */ = {
			isa = PBXGroup;
			children = (
				4AF309C029DC44CF00F32E24 /* ExNetwork.app */,
			);
			name = Products;
			sourceTree = "<group>";
		};
		4AF309C229DC44CF00F32E24 /* ExNetwork */ = {
			isa = PBXGroup;
			children = (
				4AF309C329DC44CF00F32E24 /* AppDelegate.swift */,
				4AF309C529DC44CF00F32E24 /* SceneDelegate.swift */,
				4AF309C729DC44CF00F32E24 /* ViewController.swift */,
				4AF309D729DC44E600F32E24 /* NetworkStatus.swift */,
				4AF309C929DC44CF00F32E24 /* Main.storyboard */,
				4AF309CC29DC44D000F32E24 /* Assets.xcassets */,
				4AF309CE29DC44D000F32E24 /* LaunchScreen.storyboard */,
				4AF309D129DC44D000F32E24 /* Info.plist */,
			);
			path = ExNetwork;
			sourceTree = "<group>";
		};
/* End PBXGroup section */

/* Begin PBXNativeTarget section */
		4AF309BF29DC44CF00F32E24 /* ExNetwork */ = {
			isa = PBXNativeTarget;
			buildConfigurationList = 4AF309D429DC44D000F32E24 /* Build configuration list for PBXNativeTarget "ExNetwork" */;
			buildPhases = (
				4AF309BC29DC44CF00F32E24 /* Sources */,
				4AF309BD29DC44CF00F32E24 /* Frameworks */,
				4AF309BE29DC44CF00F32E24 /* Resources */,
			);
			buildRules = (
			);
			dependencies = (
			);
			name = ExNetwork;
			packageProductDependencies = (
				4AF309DA29DC450D00F32E24 /* RxCocoa */,
				4AF309DC29DC450D00F32E24 /* RxSwift */,
				4AF309DF29DC451E00F32E24 /* Alamofire */,
			);
			productName = ExNetwork;
			productReference = 4AF309C029DC44CF00F32E24 /* ExNetwork.app */;
			productType = "com.apple.product-type.application";
		};
/* End PBXNativeTarget section */

/* Begin PBXProject section */
		4AF309B829DC44CF00F32E24 /* Project object */ = {
			isa = PBXProject;
			attributes = {
				BuildIndependentTargetsInParallel = 1;
				LastSwiftUpdateCheck = 1430;
				LastUpgradeCheck = 1430;
				TargetAttributes = {
					4AF309BF29DC44CF00F32E24 = {
						CreatedOnToolsVersion = 14.3;
					};
				};
			};
			buildConfigurationList = 4AF309BB29DC44CF00F32E24 /* Build configuration list for PBXProject "ExNetwork" */;
			compatibilityVersion = "Xcode 14.0";
			developmentRegion = en;
			hasScannedForEncodings = 0;
			knownRegions = (
				en,
				Base,
			);
			mainGroup = 4AF309B729DC44CF00F32E24;
			packageReferences = (
				4AF309D929DC450D00F32E24 /* XCRemoteSwiftPackageReference "RxSwift" */,
				4AF309DE29DC451E00F32E24 /* XCRemoteSwiftPackageReference "Alamofire" */,
			);
			productRefGroup = 4AF309C129DC44CF00F32E24 /* Products */;
			projectDirPath = "";
			projectRoot = "";
			targets = (
				4AF309BF29DC44CF00F32E24 /* ExNetwork */,
			);
		};
/* End PBXProject section */

/* Begin PBXResourcesBuildPhase section */
		4AF309BE29DC44CF00F32E24 /* Resources */ = {
			isa = PBXResourcesBuildPhase;
			buildActionMask = 2147483647;
			files = (
				4AF309D029DC44D000F32E24 /* LaunchScreen.storyboard in Resources */,
				4AF309CD29DC44D000F32E24 /* Assets.xcassets in Resources */,
				4AF309CB29DC44CF00F32E24 /* Main.storyboard in Resources */,
			);
			runOnlyForDeploymentPostprocessing = 0;
		};
/* End PBXResourcesBuildPhase section */

/* Begin PBXSourcesBuildPhase section */
		4AF309BC29DC44CF00F32E24 /* Sources */ = {
			isa = PBXSourcesBuildPhase;
			buildActionMask = 2147483647;
			files = (
				4AF309D829DC44E600F32E24 /* NetworkStatus.swift in Sources */,
				4AF309C829DC44CF00F32E24 /* ViewController.swift in Sources */,
				4AF309C429DC44CF00F32E24 /* AppDelegate.swift in Sources */,
				4AF309C629DC44CF00F32E24 /* SceneDelegate.swift in Sources */,
			);
			runOnlyForDeploymentPostprocessing = 0;
		};
/* End PBXSourcesBuildPhase section */

/* Begin PBXVariantGroup section */
		4AF309C929DC44CF00F32E24 /* Main.storyboard */ = {
			isa = PBXVariantGroup;
			children = (
				4AF309CA29DC44CF00F32E24 /* Base */,
			);
			name = Main.storyboard;
			sourceTree = "<group>";
		};
		4AF309CE29DC44D000F32E24 /* LaunchScreen.storyboard */ = {
			isa = PBXVariantGroup;
			children = (
				4AF309CF29DC44D000F32E24 /* Base */,
			);
			name = LaunchScreen.storyboard;
			sourceTree = "<group>";
		};
/* End PBXVariantGroup section */

/* Begin XCBuildConfiguration section */
		4AF309D229DC44D000F32E24 /* Debug */ = {
			isa = XCBuildConfiguration;
			buildSettings = {
				ALWAYS_SEARCH_USER_PATHS = NO;
				CLANG_ANALYZER_NONNULL = YES;
				CLANG_ANALYZER_NUMBER_OBJECT_CONVERSION = YES_AGGRESSIVE;
				CLANG_CXX_LANGUAGE_STANDARD = "gnu++20";
				CLANG_ENABLE_MODULES = YES;
				CLANG_ENABLE_OBJC_ARC = YES;
				CLANG_ENABLE_OBJC_WEAK = YES;
				CLANG_WARN_BLOCK_CAPTURE_AUTORELEASING = YES;
				CLANG_WARN_BOOL_CONVERSION = YES;
				CLANG_WARN_COMMA = YES;
				CLANG_WARN_CONSTANT_CONVERSION = YES;
				CLANG_WARN_DEPRECATED_OBJC_IMPLEMENTATIONS = YES;
				CLANG_WARN_DIRECT_OBJC_ISA_USAGE = YES_ERROR;
				CLANG_WARN_DOCUMENTATION_COMMENTS = YES;
				CLANG_WARN_EMPTY_BODY = YES;
				CLANG_WARN_ENUM_CONVERSION = YES;
				CLANG_WARN_INFINITE_RECURSION = YES;
				CLANG_WARN_INT_CONVERSION = YES;
				CLANG_WARN_NON_LITERAL_NULL_CONVERSION = YES;
				CLANG_WARN_OBJC_IMPLICIT_RETAIN_SELF = YES;
				CLANG_WARN_OBJC_LITERAL_CONVERSION = YES;
				CLANG_WARN_OBJC_ROOT_CLASS = YES_ERROR;
				CLANG_WARN_QUOTED_INCLUDE_IN_FRAMEWORK_HEADER = YES;
				CLANG_WARN_RANGE_LOOP_ANALYSIS = YES;
				CLANG_WARN_STRICT_PROTOTYPES = YES;
				CLANG_WARN_SUSPICIOUS_MOVE = YES;
				CLANG_WARN_UNGUARDED_AVAILABILITY = YES_AGGRESSIVE;
				CLANG_WARN_UNREACHABLE_CODE = YES;
				CLANG_WARN__DUPLICATE_METHOD_MATCH = YES;
				COPY_PHASE_STRIP = NO;
				DEBUG_INFORMATION_FORMAT = dwarf;
				ENABLE_STRICT_OBJC_MSGSEND = YES;
				ENABLE_TESTABILITY = YES;
				GCC_C_LANGUAGE_STANDARD = gnu11;
				GCC_DYNAMIC_NO_PIC = NO;
				GCC_NO_COMMON_BLOCKS = YES;
				GCC_OPTIMIZATION_LEVEL = 0;
				GCC_PREPROCESSOR_DEFINITIONS = (
					"DEBUG=1",
					"$(inherited)",
				);
				GCC_WARN_64_TO_32_BIT_CONVERSION = YES;
				GCC_WARN_ABOUT_RETURN_TYPE = YES_ERROR;
				GCC_WARN_UNDECLARED_SELECTOR = YES;
				GCC_WARN_UNINITIALIZED_AUTOS = YES_AGGRESSIVE;
				GCC_WARN_UNUSED_FUNCTION = YES;
				GCC_WARN_UNUSED_VARIABLE = YES;
				IPHONEOS_DEPLOYMENT_TARGET = 16.4;
				MTL_ENABLE_DEBUG_INFO = INCLUDE_SOURCE;
				MTL_FAST_MATH = YES;
				ONLY_ACTIVE_ARCH = YES;
				SDKROOT = iphoneos;
				SWIFT_ACTIVE_COMPILATION_CONDITIONS = DEBUG;
				SWIFT_OPTIMIZATION_LEVEL = "-Onone";
			};
			name = Debug;
		};
		4AF309D329DC44D000F32E24 /* Release */ = {
			isa = XCBuildConfiguration;
			buildSettings = {
				ALWAYS_SEARCH_USER_PATHS = NO;
				CLANG_ANALYZER_NONNULL = YES;
				CLANG_ANALYZER_NUMBER_OBJECT_CONVERSION = YES_AGGRESSIVE;
				CLANG_CXX_LANGUAGE_STANDARD = "gnu++20";
				CLANG_ENABLE_MODULES = YES;
				CLANG_ENABLE_OBJC_ARC = YES;
				CLANG_ENABLE_OBJC_WEAK = YES;
				CLANG_WARN_BLOCK_CAPTURE_AUTORELEASING = YES;
				CLANG_WARN_BOOL_CONVERSION = YES;
				CLANG_WARN_COMMA = YES;
				CLANG_WARN_CONSTANT_CONVERSION = YES;
				CLANG_WARN_DEPRECATED_OBJC_IMPLEMENTATIONS = YES;
				CLANG_WARN_DIRECT_OBJC_ISA_USAGE = YES_ERROR;
				CLANG_WARN_DOCUMENTATION_COMMENTS = YES;
				CLANG_WARN_EMPTY_BODY = YES;
				CLANG_WARN_ENUM_CONVERSION = YES;
				CLANG_WARN_INFINITE_RECURSION = YES;
				CLANG_WARN_INT_CONVERSION = YES;
				CLANG_WARN_NON_LITERAL_NULL_CONVERSION = YES;
				CLANG_WARN_OBJC_IMPLICIT_RETAIN_SELF = YES;
				CLANG_WARN_OBJC_LITERAL_CONVERSION = YES;
				CLANG_WARN_OBJC_ROOT_CLASS = YES_ERROR;
				CLANG_WARN_QUOTED_INCLUDE_IN_FRAMEWORK_HEADER = YES;
				CLANG_WARN_RANGE_LOOP_ANALYSIS = YES;
				CLANG_WARN_STRICT_PROTOTYPES = YES;
				CLANG_WARN_SUSPICIOUS_MOVE = YES;
				CLANG_WARN_UNGUARDED_AVAILABILITY = YES_AGGRESSIVE;
				CLANG_WARN_UNREACHABLE_CODE = YES;
				CLANG_WARN__DUPLICATE_METHOD_MATCH = YES;
				COPY_PHASE_STRIP = NO;
				DEBUG_INFORMATION_FORMAT = "dwarf-with-dsym";
				ENABLE_NS_ASSERTIONS = NO;
				ENABLE_STRICT_OBJC_MSGSEND = YES;
				GCC_C_LANGUAGE_STANDARD = gnu11;
				GCC_NO_COMMON_BLOCKS = YES;
				GCC_WARN_64_TO_32_BIT_CONVERSION = YES;
				GCC_WARN_ABOUT_RETURN_TYPE = YES_ERROR;
				GCC_WARN_UNDECLARED_SELECTOR = YES;
				GCC_WARN_UNINITIALIZED_AUTOS = YES_AGGRESSIVE;
				GCC_WARN_UNUSED_FUNCTION = YES;
				GCC_WARN_UNUSED_VARIABLE = YES;
				IPHONEOS_DEPLOYMENT_TARGET = 16.4;
				MTL_ENABLE_DEBUG_INFO = NO;
				MTL_FAST_MATH = YES;
				SDKROOT = iphoneos;
				SWIFT_COMPILATION_MODE = wholemodule;
				SWIFT_OPTIMIZATION_LEVEL = "-O";
				VALIDATE_PRODUCT = YES;
			};
			name = Release;
		};
		4AF309D529DC44D000F32E24 /* Debug */ = {
			isa = XCBuildConfiguration;
			buildSettings = {
				ASSETCATALOG_COMPILER_APPICON_NAME = AppIcon;
				ASSETCATALOG_COMPILER_GLOBAL_ACCENT_COLOR_NAME = AccentColor;
				CODE_SIGN_STYLE = Automatic;
				CURRENT_PROJECT_VERSION = 1;
				DEVELOPMENT_TEAM = SS7U83UJNK;
				GENERATE_INFOPLIST_FILE = YES;
				INFOPLIST_FILE = ExNetwork/Info.plist;
				INFOPLIST_KEY_UIApplicationSupportsIndirectInputEvents = YES;
				INFOPLIST_KEY_UILaunchStoryboardName = LaunchScreen;
				INFOPLIST_KEY_UIMainStoryboardFile = Main;
				INFOPLIST_KEY_UISupportedInterfaceOrientations_iPad = "UIInterfaceOrientationPortrait UIInterfaceOrientationPortraitUpsideDown UIInterfaceOrientationLandscapeLeft UIInterfaceOrientationLandscapeRight";
				INFOPLIST_KEY_UISupportedInterfaceOrientations_iPhone = "UIInterfaceOrientationPortrait UIInterfaceOrientationLandscapeLeft UIInterfaceOrientationLandscapeRight";
				LD_RUNPATH_SEARCH_PATHS = (
					"$(inherited)",
					"@executable_path/Frameworks",
				);
				MARKETING_VERSION = 1.0;
				PRODUCT_BUNDLE_IDENTIFIER = com.jake.ExNetwork;
				PRODUCT_NAME = "$(TARGET_NAME)";
				SWIFT_EMIT_LOC_STRINGS = YES;
				SWIFT_VERSION = 5.0;
				TARGETED_DEVICE_FAMILY = "1,2";
			};
			name = Debug;
		};
		4AF309D629DC44D000F32E24 /* Release */ = {
			isa = XCBuildConfiguration;
			buildSettings = {
				ASSETCATALOG_COMPILER_APPICON_NAME = AppIcon;
				ASSETCATALOG_COMPILER_GLOBAL_ACCENT_COLOR_NAME = AccentColor;
				CODE_SIGN_STYLE = Automatic;
				CURRENT_PROJECT_VERSION = 1;
				DEVELOPMENT_TEAM = SS7U83UJNK;
				GENERATE_INFOPLIST_FILE = YES;
				INFOPLIST_FILE = ExNetwork/Info.plist;
				INFOPLIST_KEY_UIApplicationSupportsIndirectInputEvents = YES;
				INFOPLIST_KEY_UILaunchStoryboardName = LaunchScreen;
				INFOPLIST_KEY_UIMainStoryboardFile = Main;
				INFOPLIST_KEY_UISupportedInterfaceOrientations_iPad = "UIInterfaceOrientationPortrait UIInterfaceOrientationPortraitUpsideDown UIInterfaceOrientationLandscapeLeft UIInterfaceOrientationLandscapeRight";
				INFOPLIST_KEY_UISupportedInterfaceOrientations_iPhone = "UIInterfaceOrientationPortrait UIInterfaceOrientationLandscapeLeft UIInterfaceOrientationLandscapeRight";
				LD_RUNPATH_SEARCH_PATHS = (
					"$(inherited)",
					"@executable_path/Frameworks",
				);
				MARKETING_VERSION = 1.0;
				PRODUCT_BUNDLE_IDENTIFIER = com.jake.ExNetwork;
				PRODUCT_NAME = "$(TARGET_NAME)";
				SWIFT_EMIT_LOC_STRINGS = YES;
				SWIFT_VERSION = 5.0;
				TARGETED_DEVICE_FAMILY = "1,2";
			};
			name = Release;
		};
/* End XCBuildConfiguration section */

/* Begin XCConfigurationList section */
		4AF309BB29DC44CF00F32E24 /* Build configuration list for PBXProject "ExNetwork" */ = {
			isa = XCConfigurationList;
			buildConfigurations = (
				4AF309D229DC44D000F32E24 /* Debug */,
				4AF309D329DC44D000F32E24 /* Release */,
			);
			defaultConfigurationIsVisible = 0;
			defaultConfigurationName = Release;
		};
		4AF309D429DC44D000F32E24 /* Build configuration list for PBXNativeTarget "ExNetwork" */ = {
			isa = XCConfigurationList;
			buildConfigurations = (
				4AF309D529DC44D000F32E24 /* Debug */,
				4AF309D629DC44D000F32E24 /* Release */,
			);
			defaultConfigurationIsVisible = 0;
			defaultConfigurationName = Release;
		};
/* End XCConfigurationList section */

/* Begin XCRemoteSwiftPackageReference section */
		4AF309D929DC450D00F32E24 /* XCRemoteSwiftPackageReference "RxSwift" */ = {
			isa = XCRemoteSwiftPackageReference;
			repositoryURL = "https://github.com/ReactiveX/RxSwift.git";
			requirement = {
				kind = upToNextMajorVersion;
				minimumVersion = 6.0.0;
			};
		};
		4AF309DE29DC451E00F32E24 /* XCRemoteSwiftPackageReference "Alamofire" */ = {
			isa = XCRemoteSwiftPackageReference;
			repositoryURL = "https://github.com/Alamofire/Alamofire.git";
			requirement = {
				kind = upToNextMajorVersion;
				minimumVersion = 5.0.0;
			};
		};
/* End XCRemoteSwiftPackageReference section */

/* Begin XCSwiftPackageProductDependency section */
		4AF309DA29DC450D00F32E24 /* RxCocoa */ = {
			isa = XCSwiftPackageProductDependency;
			package = 4AF309D929DC450D00F32E24 /* XCRemoteSwiftPackageReference "RxSwift" */;
			productName = RxCocoa;
		};
		4AF309DC29DC450D00F32E24 /* RxSwift */ = {
			isa = XCSwiftPackageProductDependency;
			package = 4AF309D929DC450D00F32E24 /* XCRemoteSwiftPackageReference "RxSwift" */;
			productName = RxSwift;
		};
		4AF309DF29DC451E00F32E24 /* Alamofire */ = {
			isa = XCSwiftPackageProductDependency;
			package = 4AF309DE29DC451E00F32E24 /* XCRemoteSwiftPackageReference "Alamofire" */;
			productName = Alamofire;
		};
/* End XCSwiftPackageProductDependency section */
	};
	rootObject = 4AF309B829DC44CF00F32E24 /* Project object */;
}
